// !$*UTF8*$!
{
	archiveVersion = 1;
	classes = {
	};
	objectVersion = 50;
	objects = {

/* Begin PBXBuildFile section */
		250C64DAE1DA7F5FAE0ED97A /* Pods_BuzzDeals.framework in Frameworks */ = {isa = PBXBuildFile; fileRef = 87DD913A50CB89CBDF61951E /* Pods_BuzzDeals.framework */; };
		80A92ED220FFAB8A007A515A /* GoogleService-Info.plist in Resources */ = {isa = PBXBuildFile; fileRef = 80A92ED120FFAB8A007A515A /* GoogleService-Info.plist */; };
		80A92EDA21000A68007A515A /* FivoSansModern-ExtBlack-Oblique.otf in Resources */ = {isa = PBXBuildFile; fileRef = 80A92ED921000A68007A515A /* FivoSansModern-ExtBlack-Oblique.otf */; };
		80CF67A520FD2D2F00FDEF81 /* AppDelegate.swift in Sources */ = {isa = PBXBuildFile; fileRef = 80CF67A420FD2D2F00FDEF81 /* AppDelegate.swift */; };
		80CF67AA20FD2D2F00FDEF81 /* Main.storyboard in Resources */ = {isa = PBXBuildFile; fileRef = 80CF67A820FD2D2F00FDEF81 /* Main.storyboard */; };
		80CF67AC20FD2D3100FDEF81 /* Assets.xcassets in Resources */ = {isa = PBXBuildFile; fileRef = 80CF67AB20FD2D3100FDEF81 /* Assets.xcassets */; };
		80CF67AF20FD2D3100FDEF81 /* LaunchScreen.storyboard in Resources */ = {isa = PBXBuildFile; fileRef = 80CF67AD20FD2D3100FDEF81 /* LaunchScreen.storyboard */; };
		80E9E523210134E600D59A15 /* Constants.swift in Sources */ = {isa = PBXBuildFile; fileRef = 80E9E522210134E600D59A15 /* Constants.swift */; };
		80E9E5262101354200D59A15 /* Storyboard+Utility.swift in Sources */ = {isa = PBXBuildFile; fileRef = 80E9E5252101354200D59A15 /* Storyboard+Utility.swift */; };
		80E9E529210135C000D59A15 /* User.swift in Sources */ = {isa = PBXBuildFile; fileRef = 80E9E528210135C000D59A15 /* User.swift */; };
		E208969520FE8FE20039D241 /* Login.storyboard in Resources */ = {isa = PBXBuildFile; fileRef = E208969420FE8FE20039D241 /* Login.storyboard */; };
		E208969720FE910A0039D241 /* LoginViewController.swift in Sources */ = {isa = PBXBuildFile; fileRef = E208969620FE910A0039D241 /* LoginViewController.swift */; };
		E216649120FF133100A33CA2 /* HomeViewController.swift in Sources */ = {isa = PBXBuildFile; fileRef = E216649020FF133100A33CA2 /* HomeViewController.swift */; };
		E216649320FF135D00A33CA2 /* SearchBarViewController.swift in Sources */ = {isa = PBXBuildFile; fileRef = E216649220FF135D00A33CA2 /* SearchBarViewController.swift */; };
		E216649520FF137300A33CA2 /* MySettingsViewController.swift in Sources */ = {isa = PBXBuildFile; fileRef = E216649420FF137300A33CA2 /* MySettingsViewController.swift */; };
		E24B837E210017F7007BBDC4 /* Home.storyboard in Resources */ = {isa = PBXBuildFile; fileRef = E24B837D210017F7007BBDC4 /* Home.storyboard */; };
/* End PBXBuildFile section */

/* Begin PBXFileReference section */
		80A92ED120FFAB8A007A515A /* GoogleService-Info.plist */ = {isa = PBXFileReference; fileEncoding = 4; lastKnownFileType = text.plist.xml; name = "GoogleService-Info.plist"; path = "../../../../../Downloads/GoogleService-Info.plist"; sourceTree = "<group>"; };
		80A92ED921000A68007A515A /* FivoSansModern-ExtBlack-Oblique.otf */ = {isa = PBXFileReference; lastKnownFileType = file; path = "FivoSansModern-ExtBlack-Oblique.otf"; sourceTree = "<group>"; };
		80CF67A120FD2D2F00FDEF81 /* BuzzDeals.app */ = {isa = PBXFileReference; explicitFileType = wrapper.application; includeInIndex = 0; path = BuzzDeals.app; sourceTree = BUILT_PRODUCTS_DIR; };
		80CF67A420FD2D2F00FDEF81 /* AppDelegate.swift */ = {isa = PBXFileReference; lastKnownFileType = sourcecode.swift; path = AppDelegate.swift; sourceTree = "<group>"; };
		80CF67A920FD2D2F00FDEF81 /* Base */ = {isa = PBXFileReference; lastKnownFileType = file.storyboard; name = Base; path = Base.lproj/Main.storyboard; sourceTree = "<group>"; };
		80CF67AB20FD2D3100FDEF81 /* Assets.xcassets */ = {isa = PBXFileReference; lastKnownFileType = folder.assetcatalog; path = Assets.xcassets; sourceTree = "<group>"; };
		80CF67AE20FD2D3100FDEF81 /* Base */ = {isa = PBXFileReference; lastKnownFileType = file.storyboard; name = Base; path = Base.lproj/LaunchScreen.storyboard; sourceTree = "<group>"; };
		80CF67B020FD2D3100FDEF81 /* Info.plist */ = {isa = PBXFileReference; lastKnownFileType = text.plist.xml; path = Info.plist; sourceTree = "<group>"; };
		80E9E522210134E600D59A15 /* Constants.swift */ = {isa = PBXFileReference; lastKnownFileType = sourcecode.swift; path = Constants.swift; sourceTree = "<group>"; };
		80E9E5252101354200D59A15 /* Storyboard+Utility.swift */ = {isa = PBXFileReference; fileEncoding = 4; lastKnownFileType = sourcecode.swift; path = "Storyboard+Utility.swift"; sourceTree = "<group>"; };
		80E9E528210135C000D59A15 /* User.swift */ = {isa = PBXFileReference; fileEncoding = 4; lastKnownFileType = sourcecode.swift; path = User.swift; sourceTree = "<group>"; };
		8221C330E440E16D5E325528 /* Pods-BuzzDeals.debug.xcconfig */ = {isa = PBXFileReference; includeInIndex = 1; lastKnownFileType = text.xcconfig; name = "Pods-BuzzDeals.debug.xcconfig"; path = "Pods/Target Support Files/Pods-BuzzDeals/Pods-BuzzDeals.debug.xcconfig"; sourceTree = "<group>"; };
		87DD913A50CB89CBDF61951E /* Pods_BuzzDeals.framework */ = {isa = PBXFileReference; explicitFileType = wrapper.framework; includeInIndex = 0; path = Pods_BuzzDeals.framework; sourceTree = BUILT_PRODUCTS_DIR; };
		E208969420FE8FE20039D241 /* Login.storyboard */ = {isa = PBXFileReference; lastKnownFileType = file.storyboard; path = Login.storyboard; sourceTree = "<group>"; };
		E208969620FE910A0039D241 /* LoginViewController.swift */ = {isa = PBXFileReference; lastKnownFileType = sourcecode.swift; path = LoginViewController.swift; sourceTree = "<group>"; };
		E216649020FF133100A33CA2 /* HomeViewController.swift */ = {isa = PBXFileReference; lastKnownFileType = sourcecode.swift; path = HomeViewController.swift; sourceTree = "<group>"; };
		E216649220FF135D00A33CA2 /* SearchBarViewController.swift */ = {isa = PBXFileReference; lastKnownFileType = sourcecode.swift; path = SearchBarViewController.swift; sourceTree = "<group>"; };
		E216649420FF137300A33CA2 /* MySettingsViewController.swift */ = {isa = PBXFileReference; lastKnownFileType = sourcecode.swift; path = MySettingsViewController.swift; sourceTree = "<group>"; };
		E24B837D210017F7007BBDC4 /* Home.storyboard */ = {isa = PBXFileReference; fileEncoding = 4; lastKnownFileType = file.storyboard; path = Home.storyboard; sourceTree = "<group>"; };
		F03B27C0A260E41C6D95D16C /* Pods-BuzzDeals.release.xcconfig */ = {isa = PBXFileReference; includeInIndex = 1; lastKnownFileType = text.xcconfig; name = "Pods-BuzzDeals.release.xcconfig"; path = "Pods/Target Support Files/Pods-BuzzDeals/Pods-BuzzDeals.release.xcconfig"; sourceTree = "<group>"; };
/* End PBXFileReference section */

/* Begin PBXFrameworksBuildPhase section */
		80CF679E20FD2D2F00FDEF81 /* Frameworks */ = {
			isa = PBXFrameworksBuildPhase;
			buildActionMask = 2147483647;
			files = (
				250C64DAE1DA7F5FAE0ED97A /* Pods_BuzzDeals.framework in Frameworks */,
			);
			runOnlyForDeploymentPostprocessing = 0;
		};
/* End PBXFrameworksBuildPhase section */

/* Begin PBXGroup section */
		80A92EDB21000A76007A515A /* Fonts */ = {
			isa = PBXGroup;
			children = (
				80A92ED921000A68007A515A /* FivoSansModern-ExtBlack-Oblique.otf */,
			);
			path = Fonts;
			sourceTree = "<group>";
		};
		80CF679820FD2D2F00FDEF81 = {
			isa = PBXGroup;
			children = (
				80CF67A320FD2D2F00FDEF81 /* BuzzDeals */,
				80CF67A220FD2D2F00FDEF81 /* Products */,
				DB69CA3C8193CA0A11708D74 /* Pods */,
				976C9E29FAC5AB6AAADB76D4 /* Frameworks */,
			);
			sourceTree = "<group>";
		};
		80CF67A220FD2D2F00FDEF81 /* Products */ = {
			isa = PBXGroup;
			children = (
				80CF67A120FD2D2F00FDEF81 /* BuzzDeals.app */,
			);
			name = Products;
			sourceTree = "<group>";
		};
		80CF67A320FD2D2F00FDEF81 /* BuzzDeals */ = {
			isa = PBXGroup;
			children = (
				80E9E5242101353400D59A15 /* Extensions */,
				80CF67A420FD2D2F00FDEF81 /* AppDelegate.swift */,
				80CF67BC20FD33D000FDEF81 /* Storyboards */,
				80CF67BB20FD33CA00FDEF81 /* Views */,
				80CF67BA20FD33C200FDEF81 /* Controllers */,
				80CF67B920FD33BC00FDEF81 /* Models */,
				80CF67B620FD333700FDEF81 /* Supporting Files */,
				80CF67AB20FD2D3100FDEF81 /* Assets.xcassets */,
			);
			path = BuzzDeals;
			sourceTree = "<group>";
		};
		80CF67B620FD333700FDEF81 /* Supporting Files */ = {
			isa = PBXGroup;
			children = (
				80E9E522210134E600D59A15 /* Constants.swift */,
				80A92ED120FFAB8A007A515A /* GoogleService-Info.plist */,
				80CF67B020FD2D3100FDEF81 /* Info.plist */,
			);
			path = "Supporting Files";
			sourceTree = "<group>";
		};
		80CF67B920FD33BC00FDEF81 /* Models */ = {
			isa = PBXGroup;
			children = (
				80E9E528210135C000D59A15 /* User.swift */,
			);
			path = Models;
			sourceTree = "<group>";
		};
		80CF67BA20FD33C200FDEF81 /* Controllers */ = {
			isa = PBXGroup;
			children = (
				E208969620FE910A0039D241 /* LoginViewController.swift */,
				E216649020FF133100A33CA2 /* HomeViewController.swift */,
				E216649220FF135D00A33CA2 /* SearchBarViewController.swift */,
				E216649420FF137300A33CA2 /* MySettingsViewController.swift */,
			);
			path = Controllers;
			sourceTree = "<group>";
		};
		80CF67BB20FD33CA00FDEF81 /* Views */ = {
			isa = PBXGroup;
			children = (
				80A92EDB21000A76007A515A /* Fonts */,
			);
			path = Views;
			sourceTree = "<group>";
		};
		80CF67BC20FD33D000FDEF81 /* Storyboards */ = {
			isa = PBXGroup;
			children = (
				E24B837D210017F7007BBDC4 /* Home.storyboard */,
				80CF67AD20FD2D3100FDEF81 /* LaunchScreen.storyboard */,
				80CF67A820FD2D2F00FDEF81 /* Main.storyboard */,
				E208969420FE8FE20039D241 /* Login.storyboard */,
			);
			path = Storyboards;
			sourceTree = "<group>";
		};
		80E9E5242101353400D59A15 /* Extensions */ = {
			isa = PBXGroup;
			children = (
				80E9E5252101354200D59A15 /* Storyboard+Utility.swift */,
			);
			name = Extensions;
			path = "New Group1";
			sourceTree = "<group>";
		};
		976C9E29FAC5AB6AAADB76D4 /* Frameworks */ = {
			isa = PBXGroup;
			children = (
				87DD913A50CB89CBDF61951E /* Pods_BuzzDeals.framework */,
			);
			name = Frameworks;
			sourceTree = "<group>";
		};
		DB69CA3C8193CA0A11708D74 /* Pods */ = {
			isa = PBXGroup;
			children = (
				8221C330E440E16D5E325528 /* Pods-BuzzDeals.debug.xcconfig */,
				F03B27C0A260E41C6D95D16C /* Pods-BuzzDeals.release.xcconfig */,
			);
			name = Pods;
			sourceTree = "<group>";
		};
/* End PBXGroup section */

/* Begin PBXNativeTarget section */
		80CF67A020FD2D2F00FDEF81 /* BuzzDeals */ = {
			isa = PBXNativeTarget;
			buildConfigurationList = 80CF67B320FD2D3100FDEF81 /* Build configuration list for PBXNativeTarget "BuzzDeals" */;
			buildPhases = (
				12E2F76CAAA18BB635BBF61F /* [CP] Check Pods Manifest.lock */,
				80CF679D20FD2D2F00FDEF81 /* Sources */,
				80CF679E20FD2D2F00FDEF81 /* Frameworks */,
				80CF679F20FD2D2F00FDEF81 /* Resources */,
				5C79A800F4EE8CB3FDF7943D /* [CP] Embed Pods Frameworks */,
				C7562A70FCB212CEB40E977D /* [CP] Copy Pods Resources */,
			);
			buildRules = (
			);
			dependencies = (
			);
			name = BuzzDeals;
			productName = BuzzDeals;
			productReference = 80CF67A120FD2D2F00FDEF81 /* BuzzDeals.app */;
			productType = "com.apple.product-type.application";
		};
/* End PBXNativeTarget section */

/* Begin PBXProject section */
		80CF679920FD2D2F00FDEF81 /* Project object */ = {
			isa = PBXProject;
			attributes = {
				LastSwiftUpdateCheck = 0940;
				LastUpgradeCheck = 0940;
				ORGANIZATIONNAME = "Make School";
				TargetAttributes = {
					80CF67A020FD2D2F00FDEF81 = {
						CreatedOnToolsVersion = 9.4.1;
					};
				};
			};
			buildConfigurationList = 80CF679C20FD2D2F00FDEF81 /* Build configuration list for PBXProject "BuzzDeals" */;
			compatibilityVersion = "Xcode 9.3";
			developmentRegion = en;
			hasScannedForEncodings = 0;
			knownRegions = (
				en,
				Base,
			);
			mainGroup = 80CF679820FD2D2F00FDEF81;
			productRefGroup = 80CF67A220FD2D2F00FDEF81 /* Products */;
			projectDirPath = "";
			projectRoot = "";
			targets = (
				80CF67A020FD2D2F00FDEF81 /* BuzzDeals */,
			);
		};
/* End PBXProject section */

/* Begin PBXResourcesBuildPhase section */
		80CF679F20FD2D2F00FDEF81 /* Resources */ = {
			isa = PBXResourcesBuildPhase;
			buildActionMask = 2147483647;
			files = (
				E24B837E210017F7007BBDC4 /* Home.storyboard in Resources */,
				80CF67AF20FD2D3100FDEF81 /* LaunchScreen.storyboard in Resources */,
				80A92EDA21000A68007A515A /* FivoSansModern-ExtBlack-Oblique.otf in Resources */,
				80CF67AC20FD2D3100FDEF81 /* Assets.xcassets in Resources */,
				E208969520FE8FE20039D241 /* Login.storyboard in Resources */,
				80CF67AA20FD2D2F00FDEF81 /* Main.storyboard in Resources */,
				80A92ED220FFAB8A007A515A /* GoogleService-Info.plist in Resources */,
			);
			runOnlyForDeploymentPostprocessing = 0;
		};
/* End PBXResourcesBuildPhase section */

/* Begin PBXShellScriptBuildPhase section */
		12E2F76CAAA18BB635BBF61F /* [CP] Check Pods Manifest.lock */ = {
			isa = PBXShellScriptBuildPhase;
			buildActionMask = 2147483647;
			files = (
			);
			inputPaths = (
				"${PODS_PODFILE_DIR_PATH}/Podfile.lock",
				"${PODS_ROOT}/Manifest.lock",
			);
			name = "[CP] Check Pods Manifest.lock";
			outputPaths = (
				"$(DERIVED_FILE_DIR)/Pods-BuzzDeals-checkManifestLockResult.txt",
			);
			runOnlyForDeploymentPostprocessing = 0;
			shellPath = /bin/sh;
			shellScript = "diff \"${PODS_PODFILE_DIR_PATH}/Podfile.lock\" \"${PODS_ROOT}/Manifest.lock\" > /dev/null\nif [ $? != 0 ] ; then\n    # print error to STDERR\n    echo \"error: The sandbox is not in sync with the Podfile.lock. Run 'pod install' or update your CocoaPods installation.\" >&2\n    exit 1\nfi\n# This output is used by Xcode 'outputs' to avoid re-running this script phase.\necho \"SUCCESS\" > \"${SCRIPT_OUTPUT_FILE_0}\"\n";
			showEnvVarsInLog = 0;
		};
		5C79A800F4EE8CB3FDF7943D /* [CP] Embed Pods Frameworks */ = {
			isa = PBXShellScriptBuildPhase;
			buildActionMask = 2147483647;
			files = (
			);
			inputPaths = (
				"${SRCROOT}/Pods/Target Support Files/Pods-BuzzDeals/Pods-BuzzDeals-frameworks.sh",
				"${BUILT_PRODUCTS_DIR}/GTMSessionFetcher/GTMSessionFetcher.framework",
				"${BUILT_PRODUCTS_DIR}/GoogleToolboxForMac/GoogleToolboxForMac.framework",
				"${BUILT_PRODUCTS_DIR}/leveldb-library/leveldb.framework",
				"${BUILT_PRODUCTS_DIR}/nanopb/nanopb.framework",
			);
			name = "[CP] Embed Pods Frameworks";
			outputPaths = (
				"${TARGET_BUILD_DIR}/${FRAMEWORKS_FOLDER_PATH}/GTMSessionFetcher.framework",
				"${TARGET_BUILD_DIR}/${FRAMEWORKS_FOLDER_PATH}/GoogleToolboxForMac.framework",
				"${TARGET_BUILD_DIR}/${FRAMEWORKS_FOLDER_PATH}/leveldb.framework",
				"${TARGET_BUILD_DIR}/${FRAMEWORKS_FOLDER_PATH}/nanopb.framework",
			);
			runOnlyForDeploymentPostprocessing = 0;
			shellPath = /bin/sh;
			shellScript = "\"${SRCROOT}/Pods/Target Support Files/Pods-BuzzDeals/Pods-BuzzDeals-frameworks.sh\"\n";
			showEnvVarsInLog = 0;
		};
		C7562A70FCB212CEB40E977D /* [CP] Copy Pods Resources */ = {
			isa = PBXShellScriptBuildPhase;
			buildActionMask = 2147483647;
			files = (
			);
			inputPaths = (
				"${SRCROOT}/Pods/Target Support Files/Pods-BuzzDeals/Pods-BuzzDeals-resources.sh",
				"${PODS_CONFIGURATION_BUILD_DIR}/FirebaseUI/FirebaseAuthUI.bundle",
			);
			name = "[CP] Copy Pods Resources";
			outputPaths = (
				"${TARGET_BUILD_DIR}/${UNLOCALIZED_RESOURCES_FOLDER_PATH}/FirebaseAuthUI.bundle",
			);
			runOnlyForDeploymentPostprocessing = 0;
			shellPath = /bin/sh;
			shellScript = "\"${SRCROOT}/Pods/Target Support Files/Pods-BuzzDeals/Pods-BuzzDeals-resources.sh\"\n";
			showEnvVarsInLog = 0;
		};
/* End PBXShellScriptBuildPhase section */

/* Begin PBXSourcesBuildPhase section */
		80CF679D20FD2D2F00FDEF81 /* Sources */ = {
			isa = PBXSourcesBuildPhase;
			buildActionMask = 2147483647;
			files = (
				E208969720FE910A0039D241 /* LoginViewController.swift in Sources */,
				80CF67A520FD2D2F00FDEF81 /* AppDelegate.swift in Sources */,
				E216649320FF135D00A33CA2 /* SearchBarViewController.swift in Sources */,
				E216649520FF137300A33CA2 /* MySettingsViewController.swift in Sources */,
				80E9E529210135C000D59A15 /* User.swift in Sources */,
				E216649120FF133100A33CA2 /* HomeViewController.swift in Sources */,
				80E9E5262101354200D59A15 /* Storyboard+Utility.swift in Sources */,
				80E9E523210134E600D59A15 /* Constants.swift in Sources */,
			);
			runOnlyForDeploymentPostprocessing = 0;
		};
/* End PBXSourcesBuildPhase section */

/* Begin PBXVariantGroup section */
		80CF67A820FD2D2F00FDEF81 /* Main.storyboard */ = {
			isa = PBXVariantGroup;
			children = (
				80CF67A920FD2D2F00FDEF81 /* Base */,
			);
			name = Main.storyboard;
			sourceTree = "<group>";
		};
		80CF67AD20FD2D3100FDEF81 /* LaunchScreen.storyboard */ = {
			isa = PBXVariantGroup;
			children = (
				80CF67AE20FD2D3100FDEF81 /* Base */,
			);
			name = LaunchScreen.storyboard;
			sourceTree = "<group>";
		};
/* End PBXVariantGroup section */

/* Begin XCBuildConfiguration section */
		80CF67B120FD2D3100FDEF81 /* Debug */ = {
			isa = XCBuildConfiguration;
			buildSettings = {
				ALWAYS_SEARCH_USER_PATHS = NO;
				CLANG_ANALYZER_NONNULL = YES;
				CLANG_ANALYZER_NUMBER_OBJECT_CONVERSION = YES_AGGRESSIVE;
				CLANG_CXX_LANGUAGE_STANDARD = "gnu++14";
				CLANG_CXX_LIBRARY = "libc++";
				CLANG_ENABLE_MODULES = YES;
				CLANG_ENABLE_OBJC_ARC = YES;
				CLANG_ENABLE_OBJC_WEAK = YES;
				CLANG_WARN_BLOCK_CAPTURE_AUTORELEASING = YES;
				CLANG_WARN_BOOL_CONVERSION = YES;
				CLANG_WARN_COMMA = YES;
				CLANG_WARN_CONSTANT_CONVERSION = YES;
				CLANG_WARN_DEPRECATED_OBJC_IMPLEMENTATIONS = YES;
				CLANG_WARN_DIRECT_OBJC_ISA_USAGE = YES_ERROR;
				CLANG_WARN_DOCUMENTATION_COMMENTS = YES;
				CLANG_WARN_EMPTY_BODY = YES;
				CLANG_WARN_ENUM_CONVERSION = YES;
				CLANG_WARN_INFINITE_RECURSION = YES;
				CLANG_WARN_INT_CONVERSION = YES;
				CLANG_WARN_NON_LITERAL_NULL_CONVERSION = YES;
				CLANG_WARN_OBJC_IMPLICIT_RETAIN_SELF = YES;
				CLANG_WARN_OBJC_LITERAL_CONVERSION = YES;
				CLANG_WARN_OBJC_ROOT_CLASS = YES_ERROR;
				CLANG_WARN_RANGE_LOOP_ANALYSIS = YES;
				CLANG_WARN_STRICT_PROTOTYPES = YES;
				CLANG_WARN_SUSPICIOUS_MOVE = YES;
				CLANG_WARN_UNGUARDED_AVAILABILITY = YES_AGGRESSIVE;
				CLANG_WARN_UNREACHABLE_CODE = YES;
				CLANG_WARN__DUPLICATE_METHOD_MATCH = YES;
				CODE_SIGN_IDENTITY = "iPhone Developer";
				COPY_PHASE_STRIP = NO;
				DEBUG_INFORMATION_FORMAT = dwarf;
				ENABLE_STRICT_OBJC_MSGSEND = YES;
				ENABLE_TESTABILITY = YES;
				GCC_C_LANGUAGE_STANDARD = gnu11;
				GCC_DYNAMIC_NO_PIC = NO;
				GCC_NO_COMMON_BLOCKS = YES;
				GCC_OPTIMIZATION_LEVEL = 0;
				GCC_PREPROCESSOR_DEFINITIONS = (
					"DEBUG=1",
					"$(inherited)",
				);
				GCC_WARN_64_TO_32_BIT_CONVERSION = YES;
				GCC_WARN_ABOUT_RETURN_TYPE = YES_ERROR;
				GCC_WARN_UNDECLARED_SELECTOR = YES;
				GCC_WARN_UNINITIALIZED_AUTOS = YES_AGGRESSIVE;
				GCC_WARN_UNUSED_FUNCTION = YES;
				GCC_WARN_UNUSED_VARIABLE = YES;
				IPHONEOS_DEPLOYMENT_TARGET = 11.4;
				MTL_ENABLE_DEBUG_INFO = YES;
				ONLY_ACTIVE_ARCH = YES;
				SDKROOT = iphoneos;
				SWIFT_ACTIVE_COMPILATION_CONDITIONS = DEBUG;
				SWIFT_OPTIMIZATION_LEVEL = "-Onone";
			};
			name = Debug;
		};
		80CF67B220FD2D3100FDEF81 /* Release */ = {
			isa = XCBuildConfiguration;
			buildSettings = {
				ALWAYS_SEARCH_USER_PATHS = NO;
				CLANG_ANALYZER_NONNULL = YES;
				CLANG_ANALYZER_NUMBER_OBJECT_CONVERSION = YES_AGGRESSIVE;
				CLANG_CXX_LANGUAGE_STANDARD = "gnu++14";
				CLANG_CXX_LIBRARY = "libc++";
				CLANG_ENABLE_MODULES = YES;
				CLANG_ENABLE_OBJC_ARC = YES;
				CLANG_ENABLE_OBJC_WEAK = YES;
				CLANG_WARN_BLOCK_CAPTURE_AUTORELEASING = YES;
				CLANG_WARN_BOOL_CONVERSION = YES;
				CLANG_WARN_COMMA = YES;
				CLANG_WARN_CONSTANT_CONVERSION = YES;
				CLANG_WARN_DEPRECATED_OBJC_IMPLEMENTATIONS = YES;
				CLANG_WARN_DIRECT_OBJC_ISA_USAGE = YES_ERROR;
				CLANG_WARN_DOCUMENTATION_COMMENTS = YES;
				CLANG_WARN_EMPTY_BODY = YES;
				CLANG_WARN_ENUM_CONVERSION = YES;
				CLANG_WARN_INFINITE_RECURSION = YES;
				CLANG_WARN_INT_CONVERSION = YES;
				CLANG_WARN_NON_LITERAL_NULL_CONVERSION = YES;
				CLANG_WARN_OBJC_IMPLICIT_RETAIN_SELF = YES;
				CLANG_WARN_OBJC_LITERAL_CONVERSION = YES;
				CLANG_WARN_OBJC_ROOT_CLASS = YES_ERROR;
				CLANG_WARN_RANGE_LOOP_ANALYSIS = YES;
				CLANG_WARN_STRICT_PROTOTYPES = YES;
				CLANG_WARN_SUSPICIOUS_MOVE = YES;
				CLANG_WARN_UNGUARDED_AVAILABILITY = YES_AGGRESSIVE;
				CLANG_WARN_UNREACHABLE_CODE = YES;
				CLANG_WARN__DUPLICATE_METHOD_MATCH = YES;
				CODE_SIGN_IDENTITY = "iPhone Developer";
				COPY_PHASE_STRIP = NO;
				DEBUG_INFORMATION_FORMAT = "dwarf-with-dsym";
				ENABLE_NS_ASSERTIONS = NO;
				ENABLE_STRICT_OBJC_MSGSEND = YES;
				GCC_C_LANGUAGE_STANDARD = gnu11;
				GCC_NO_COMMON_BLOCKS = YES;
				GCC_WARN_64_TO_32_BIT_CONVERSION = YES;
				GCC_WARN_ABOUT_RETURN_TYPE = YES_ERROR;
				GCC_WARN_UNDECLARED_SELECTOR = YES;
				GCC_WARN_UNINITIALIZED_AUTOS = YES_AGGRESSIVE;
				GCC_WARN_UNUSED_FUNCTION = YES;
				GCC_WARN_UNUSED_VARIABLE = YES;
				IPHONEOS_DEPLOYMENT_TARGET = 11.4;
				MTL_ENABLE_DEBUG_INFO = NO;
				SDKROOT = iphoneos;
				SWIFT_COMPILATION_MODE = wholemodule;
				SWIFT_OPTIMIZATION_LEVEL = "-O";
				VALIDATE_PRODUCT = YES;
			};
			name = Release;
		};
		80CF67B420FD2D3100FDEF81 /* Debug */ = {
			isa = XCBuildConfiguration;
			baseConfigurationReference = 8221C330E440E16D5E325528 /* Pods-BuzzDeals.debug.xcconfig */;
			buildSettings = {
				ASSETCATALOG_COMPILER_APPICON_NAME = AppIcon;
				CODE_SIGN_STYLE = Automatic;
				DEVELOPMENT_TEAM = "";
				INFOPLIST_FILE = "$(SRCROOT)/BuzzDeals/Supporting Files/Info.plist";
				LD_RUNPATH_SEARCH_PATHS = (
					"$(inherited)",
					"@executable_path/Frameworks",
				);
				PRODUCT_BUNDLE_IDENTIFIER = com.larisabotello.BuzzDeals;
				PRODUCT_NAME = "$(TARGET_NAME)";
				SWIFT_VERSION = 4.0;
				TARGETED_DEVICE_FAMILY = "1,2";
			};
			name = Debug;
		};
		80CF67B520FD2D3100FDEF81 /* Release */ = {
			isa = XCBuildConfiguration;
			baseConfigurationReference = F03B27C0A260E41C6D95D16C /* Pods-BuzzDeals.release.xcconfig */;
			buildSettings = {
				ASSETCATALOG_COMPILER_APPICON_NAME = AppIcon;
				CODE_SIGN_STYLE = Automatic;
				DEVELOPMENT_TEAM = "";
				INFOPLIST_FILE = "$(SRCROOT)/BuzzDeals/Supporting Files/Info.plist";
				LD_RUNPATH_SEARCH_PATHS = (
					"$(inherited)",
					"@executable_path/Frameworks",
				);
				PRODUCT_BUNDLE_IDENTIFIER = com.larisabotello.BuzzDeals;
				PRODUCT_NAME = "$(TARGET_NAME)";
				SWIFT_VERSION = 4.0;
				TARGETED_DEVICE_FAMILY = "1,2";
			};
			name = Release;
		};
/* End XCBuildConfiguration section */

/* Begin XCConfigurationList section */
		80CF679C20FD2D2F00FDEF81 /* Build configuration list for PBXProject "BuzzDeals" */ = {
			isa = XCConfigurationList;
			buildConfigurations = (
				80CF67B120FD2D3100FDEF81 /* Debug */,
				80CF67B220FD2D3100FDEF81 /* Release */,
			);
			defaultConfigurationIsVisible = 0;
			defaultConfigurationName = Release;
		};
		80CF67B320FD2D3100FDEF81 /* Build configuration list for PBXNativeTarget "BuzzDeals" */ = {
			isa = XCConfigurationList;
			buildConfigurations = (
				80CF67B420FD2D3100FDEF81 /* Debug */,
				80CF67B520FD2D3100FDEF81 /* Release */,
			);
			defaultConfigurationIsVisible = 0;
			defaultConfigurationName = Release;
		};
/* End XCConfigurationList section */
	};
	rootObject = 80CF679920FD2D2F00FDEF81 /* Project object */;
}
